// !$*UTF8*$!
{
	archiveVersion = 1;
	classes = {
	};
	objectVersion = 46;
	objects = {

/* Begin PBXBuildFile section */
		06140F1C1D05D1040033FBA8 /* UINavigationBar+Height.swift in Sources */ = {isa = PBXBuildFile; fileRef = 06140F1B1D05D1040033FBA8 /* UINavigationBar+Height.swift */; };
		06A5892E1D05E4320019986E /* NavigationView.xib in Resources */ = {isa = PBXBuildFile; fileRef = 06A5892D1D05E4320019986E /* NavigationView.xib */; };
		06A589301D05E56B0019986E /* NavigationView.swift in Sources */ = {isa = PBXBuildFile; fileRef = 06A5892F1D05E56B0019986E /* NavigationView.swift */; };
		06CE19A61CFF137500B7882A /* LoginViewController.swift in Sources */ = {isa = PBXBuildFile; fileRef = 06CE19A51CFF137500B7882A /* LoginViewController.swift */; };
		06CE1A3B1CFF2B0F00B7882A /* StudentTableViewCell.swift in Sources */ = {isa = PBXBuildFile; fileRef = 06CE1A391CFF2B0F00B7882A /* StudentTableViewCell.swift */; };
		06CE1A3C1CFF2B0F00B7882A /* MenuTableViewCell.swift in Sources */ = {isa = PBXBuildFile; fileRef = 06CE1A3A1CFF2B0F00B7882A /* MenuTableViewCell.swift */; };
		06CE1A411CFF2CE800B7882A /* MenuViewController.swift in Sources */ = {isa = PBXBuildFile; fileRef = 06CE1A401CFF2CE800B7882A /* MenuViewController.swift */; };
		06CE1A431CFF633A00B7882A /* HomeViewController.swift in Sources */ = {isa = PBXBuildFile; fileRef = 06CE1A421CFF633A00B7882A /* HomeViewController.swift */; };
		06CE1A461CFF6D1300B7882A /* Main.storyboard in Resources */ = {isa = PBXBuildFile; fileRef = 06CE1A441CFF6D1300B7882A /* Main.storyboard */; };
		06D19A6B1D00DC0300A07504 /* TrackStudentViewController.swift in Sources */ = {isa = PBXBuildFile; fileRef = 06D19A6A1D00DC0300A07504 /* TrackStudentViewController.swift */; };
		06D19A6D1D00DC3100A07504 /* AccessInformationViewController.swift in Sources */ = {isa = PBXBuildFile; fileRef = 06D19A6C1D00DC3100A07504 /* AccessInformationViewController.swift */; };
		0AB7F1DBE53FE6A6C56AC765 /* Pods_ReaxiumForParents.framework in Frameworks */ = {isa = PBXBuildFile; fileRef = 464014CADE6CBEA53A49C7F4 /* Pods_ReaxiumForParents.framework */; };
		6AB68B3A548E754879241DCA /* Pods_ReaxiumForParentsUITests.framework in Frameworks */ = {isa = PBXBuildFile; fileRef = FE14B6219D3D5AB028FFCE01 /* Pods_ReaxiumForParentsUITests.framework */; };
		952252221D034FD5008A2E1B /* Service.swift in Sources */ = {isa = PBXBuildFile; fileRef = 952252211D034FD5008A2E1B /* Service.swift */; };
		952252241D035026008A2E1B /* LoginWebService.swift in Sources */ = {isa = PBXBuildFile; fileRef = 952252231D035026008A2E1B /* LoginWebService.swift */; };
		952252261D035D6E008A2E1B /* Children.swift in Sources */ = {isa = PBXBuildFile; fileRef = 952252251D035D6E008A2E1B /* Children.swift */; };
		952252281D037C2F008A2E1B /* ReaxiumHelper.swift in Sources */ = {isa = PBXBuildFile; fileRef = 952252271D037C2F008A2E1B /* ReaxiumHelper.swift */; };
		9522522A1D038AA4008A2E1B /* NotificationTableViewCell.swift in Sources */ = {isa = PBXBuildFile; fileRef = 952252291D038AA4008A2E1B /* NotificationTableViewCell.swift */; };
		9535C58F1D031F5600FF4390 /* Constants.swift in Sources */ = {isa = PBXBuildFile; fileRef = 9535C58E1D031F5600FF4390 /* Constants.swift */; };
		9552CA651D039D8D008CC8D1 /* LocationNotification.swift in Sources */ = {isa = PBXBuildFile; fileRef = 9552CA641D039D8D008CC8D1 /* LocationNotification.swift */; };
		9552CA671D03A01E008CC8D1 /* LocationUpdateWebService.swift in Sources */ = {isa = PBXBuildFile; fileRef = 9552CA661D03A01E008CC8D1 /* LocationUpdateWebService.swift */; };
		95C0738F1D0347DB00B4002C /* User.swift in Sources */ = {isa = PBXBuildFile; fileRef = 95C0738E1D0347DB00B4002C /* User.swift */; };
		95C073911D0349ED00B4002C /* ReaxiumResponse.swift in Sources */ = {isa = PBXBuildFile; fileRef = 95C073901D0349ED00B4002C /* ReaxiumResponse.swift */; };
		95D7ACD41CEE3949002BAFAC /* ReaxiumForParentsTests.swift in Sources */ = {isa = PBXBuildFile; fileRef = 95D7ACD31CEE3949002BAFAC /* ReaxiumForParentsTests.swift */; };
		95D7ACDF1CEE3949002BAFAC /* ReaxiumForParentsUITests.swift in Sources */ = {isa = PBXBuildFile; fileRef = 95D7ACDE1CEE3949002BAFAC /* ReaxiumForParentsUITests.swift */; };
		95D7AD141CEE4086002BAFAC /* Assets.xcassets in Resources */ = {isa = PBXBuildFile; fileRef = 95D7AD131CEE4086002BAFAC /* Assets.xcassets */; };
		95D7AD201CEE40D9002BAFAC /* LaunchScreen.storyboard in Resources */ = {isa = PBXBuildFile; fileRef = 95D7AD1C1CEE40D9002BAFAC /* LaunchScreen.storyboard */; };
		95D7AD211CEE40D9002BAFAC /* Login.storyboard in Resources */ = {isa = PBXBuildFile; fileRef = 95D7AD1E1CEE40D9002BAFAC /* Login.storyboard */; };
		95D7AD231CEE413C002BAFAC /* Info.plist in Resources */ = {isa = PBXBuildFile; fileRef = 95D7AD221CEE413C002BAFAC /* Info.plist */; };
		95D7AD261CEE4218002BAFAC /* ViewController.swift in Sources */ = {isa = PBXBuildFile; fileRef = 95D7AD251CEE4218002BAFAC /* ViewController.swift */; };
		95D7AD291CEE4565002BAFAC /* AppDelegate.swift in Sources */ = {isa = PBXBuildFile; fileRef = 95D7AD281CEE4565002BAFAC /* AppDelegate.swift */; };
		BF14BC6D56BA5B70A2D6C2EB /* Pods_ReaxiumForParentsTests.framework in Frameworks */ = {isa = PBXBuildFile; fileRef = CE882EE8C3F88DB9541AC9D9 /* Pods_ReaxiumForParentsTests.framework */; };
/* End PBXBuildFile section */

/* Begin PBXContainerItemProxy section */
		95D7ACD01CEE3949002BAFAC /* PBXContainerItemProxy */ = {
			isa = PBXContainerItemProxy;
			containerPortal = 95D7ACB31CEE3948002BAFAC /* Project object */;
			proxyType = 1;
			remoteGlobalIDString = 95D7ACBA1CEE3948002BAFAC;
			remoteInfo = ReaxiumForParents;
		};
		95D7ACDB1CEE3949002BAFAC /* PBXContainerItemProxy */ = {
			isa = PBXContainerItemProxy;
			containerPortal = 95D7ACB31CEE3948002BAFAC /* Project object */;
			proxyType = 1;
			remoteGlobalIDString = 95D7ACBA1CEE3948002BAFAC;
			remoteInfo = ReaxiumForParents;
		};
/* End PBXContainerItemProxy section */

/* Begin PBXFileReference section */
		06140F1B1D05D1040033FBA8 /* UINavigationBar+Height.swift */ = {isa = PBXFileReference; fileEncoding = 4; lastKnownFileType = sourcecode.swift; path = "UINavigationBar+Height.swift"; sourceTree = "<group>"; };
		06A5892D1D05E4320019986E /* NavigationView.xib */ = {isa = PBXFileReference; fileEncoding = 4; lastKnownFileType = file.xib; path = NavigationView.xib; sourceTree = "<group>"; };
		06A5892F1D05E56B0019986E /* NavigationView.swift */ = {isa = PBXFileReference; fileEncoding = 4; lastKnownFileType = sourcecode.swift; path = NavigationView.swift; sourceTree = "<group>"; };
		06CE19A51CFF137500B7882A /* LoginViewController.swift */ = {isa = PBXFileReference; fileEncoding = 4; lastKnownFileType = sourcecode.swift; path = LoginViewController.swift; sourceTree = "<group>"; };
		06CE1A391CFF2B0F00B7882A /* StudentTableViewCell.swift */ = {isa = PBXFileReference; fileEncoding = 4; lastKnownFileType = sourcecode.swift; path = StudentTableViewCell.swift; sourceTree = "<group>"; };
		06CE1A3A1CFF2B0F00B7882A /* MenuTableViewCell.swift */ = {isa = PBXFileReference; fileEncoding = 4; lastKnownFileType = sourcecode.swift; path = MenuTableViewCell.swift; sourceTree = "<group>"; };
		06CE1A401CFF2CE800B7882A /* MenuViewController.swift */ = {isa = PBXFileReference; fileEncoding = 4; lastKnownFileType = sourcecode.swift; path = MenuViewController.swift; sourceTree = "<group>"; };
		06CE1A421CFF633A00B7882A /* HomeViewController.swift */ = {isa = PBXFileReference; fileEncoding = 4; lastKnownFileType = sourcecode.swift; path = HomeViewController.swift; sourceTree = "<group>"; };
		06CE1A451CFF6D1300B7882A /* Base */ = {isa = PBXFileReference; lastKnownFileType = file.storyboard; name = Base; path = Base.lproj/Main.storyboard; sourceTree = "<group>"; };
		06D19A6A1D00DC0300A07504 /* TrackStudentViewController.swift */ = {isa = PBXFileReference; fileEncoding = 4; lastKnownFileType = sourcecode.swift; path = TrackStudentViewController.swift; sourceTree = "<group>"; };
		06D19A6C1D00DC3100A07504 /* AccessInformationViewController.swift */ = {isa = PBXFileReference; fileEncoding = 4; lastKnownFileType = sourcecode.swift; path = AccessInformationViewController.swift; sourceTree = "<group>"; };
		17E58C45E37E4510F3C7F696 /* Pods-ReaxiumForParentsTests.debug.xcconfig */ = {isa = PBXFileReference; includeInIndex = 1; lastKnownFileType = text.xcconfig; name = "Pods-ReaxiumForParentsTests.debug.xcconfig"; path = "Pods/Target Support Files/Pods-ReaxiumForParentsTests/Pods-ReaxiumForParentsTests.debug.xcconfig"; sourceTree = "<group>"; };
		464014CADE6CBEA53A49C7F4 /* Pods_ReaxiumForParents.framework */ = {isa = PBXFileReference; explicitFileType = wrapper.framework; includeInIndex = 0; path = Pods_ReaxiumForParents.framework; sourceTree = BUILT_PRODUCTS_DIR; };
		4D6F9E764BC612C07CBF8B8E /* Pods-ReaxiumForParentsUITests.release.xcconfig */ = {isa = PBXFileReference; includeInIndex = 1; lastKnownFileType = text.xcconfig; name = "Pods-ReaxiumForParentsUITests.release.xcconfig"; path = "Pods/Target Support Files/Pods-ReaxiumForParentsUITests/Pods-ReaxiumForParentsUITests.release.xcconfig"; sourceTree = "<group>"; };
		952252211D034FD5008A2E1B /* Service.swift */ = {isa = PBXFileReference; fileEncoding = 4; lastKnownFileType = sourcecode.swift; path = Service.swift; sourceTree = "<group>"; };
		952252231D035026008A2E1B /* LoginWebService.swift */ = {isa = PBXFileReference; fileEncoding = 4; lastKnownFileType = sourcecode.swift; path = LoginWebService.swift; sourceTree = "<group>"; };
		952252251D035D6E008A2E1B /* Children.swift */ = {isa = PBXFileReference; fileEncoding = 4; lastKnownFileType = sourcecode.swift; path = Children.swift; sourceTree = "<group>"; };
		952252271D037C2F008A2E1B /* ReaxiumHelper.swift */ = {isa = PBXFileReference; fileEncoding = 4; lastKnownFileType = sourcecode.swift; path = ReaxiumHelper.swift; sourceTree = "<group>"; };
		952252291D038AA4008A2E1B /* NotificationTableViewCell.swift */ = {isa = PBXFileReference; fileEncoding = 4; lastKnownFileType = sourcecode.swift; path = NotificationTableViewCell.swift; sourceTree = "<group>"; };
		9535C58E1D031F5600FF4390 /* Constants.swift */ = {isa = PBXFileReference; fileEncoding = 4; lastKnownFileType = sourcecode.swift; path = Constants.swift; sourceTree = "<group>"; };
		9552CA641D039D8D008CC8D1 /* LocationNotification.swift */ = {isa = PBXFileReference; fileEncoding = 4; lastKnownFileType = sourcecode.swift; path = LocationNotification.swift; sourceTree = "<group>"; };
		9552CA661D03A01E008CC8D1 /* LocationUpdateWebService.swift */ = {isa = PBXFileReference; fileEncoding = 4; lastKnownFileType = sourcecode.swift; path = LocationUpdateWebService.swift; sourceTree = "<group>"; };
		95C0738E1D0347DB00B4002C /* User.swift */ = {isa = PBXFileReference; fileEncoding = 4; lastKnownFileType = sourcecode.swift; path = User.swift; sourceTree = "<group>"; };
		95C073901D0349ED00B4002C /* ReaxiumResponse.swift */ = {isa = PBXFileReference; fileEncoding = 4; lastKnownFileType = sourcecode.swift; path = ReaxiumResponse.swift; sourceTree = "<group>"; };
		95D7ACBB1CEE3948002BAFAC /* ReaxiumForParents.app */ = {isa = PBXFileReference; explicitFileType = wrapper.application; includeInIndex = 0; path = ReaxiumForParents.app; sourceTree = BUILT_PRODUCTS_DIR; };
		95D7ACCF1CEE3949002BAFAC /* ReaxiumForParentsTests.xctest */ = {isa = PBXFileReference; explicitFileType = wrapper.cfbundle; includeInIndex = 0; path = ReaxiumForParentsTests.xctest; sourceTree = BUILT_PRODUCTS_DIR; };
		95D7ACD31CEE3949002BAFAC /* ReaxiumForParentsTests.swift */ = {isa = PBXFileReference; lastKnownFileType = sourcecode.swift; path = ReaxiumForParentsTests.swift; sourceTree = "<group>"; };
		95D7ACD51CEE3949002BAFAC /* Info.plist */ = {isa = PBXFileReference; lastKnownFileType = text.plist.xml; path = Info.plist; sourceTree = "<group>"; };
		95D7ACDA1CEE3949002BAFAC /* ReaxiumForParentsUITests.xctest */ = {isa = PBXFileReference; explicitFileType = wrapper.cfbundle; includeInIndex = 0; path = ReaxiumForParentsUITests.xctest; sourceTree = BUILT_PRODUCTS_DIR; };
		95D7ACDE1CEE3949002BAFAC /* ReaxiumForParentsUITests.swift */ = {isa = PBXFileReference; lastKnownFileType = sourcecode.swift; path = ReaxiumForParentsUITests.swift; sourceTree = "<group>"; };
		95D7ACE01CEE3949002BAFAC /* Info.plist */ = {isa = PBXFileReference; lastKnownFileType = text.plist.xml; path = Info.plist; sourceTree = "<group>"; };
		95D7AD131CEE4086002BAFAC /* Assets.xcassets */ = {isa = PBXFileReference; lastKnownFileType = folder.assetcatalog; path = Assets.xcassets; sourceTree = "<group>"; };
		95D7AD1D1CEE40D9002BAFAC /* Base */ = {isa = PBXFileReference; lastKnownFileType = file.storyboard; name = Base; path = Base.lproj/LaunchScreen.storyboard; sourceTree = "<group>"; };
		95D7AD1F1CEE40D9002BAFAC /* Base */ = {isa = PBXFileReference; lastKnownFileType = file.storyboard; name = Base; path = Base.lproj/Login.storyboard; sourceTree = "<group>"; };
		95D7AD221CEE413C002BAFAC /* Info.plist */ = {isa = PBXFileReference; fileEncoding = 4; lastKnownFileType = text.plist.xml; path = Info.plist; sourceTree = "<group>"; };
		95D7AD251CEE4218002BAFAC /* ViewController.swift */ = {isa = PBXFileReference; fileEncoding = 4; lastKnownFileType = sourcecode.swift; path = ViewController.swift; sourceTree = "<group>"; };
		95D7AD271CEE423E002BAFAC /* ReaxiumForParents-Bridging-Header.h */ = {isa = PBXFileReference; fileEncoding = 4; lastKnownFileType = sourcecode.c.h; path = "ReaxiumForParents-Bridging-Header.h"; sourceTree = "<group>"; };
		95D7AD281CEE4565002BAFAC /* AppDelegate.swift */ = {isa = PBXFileReference; fileEncoding = 4; lastKnownFileType = sourcecode.swift; path = AppDelegate.swift; sourceTree = "<group>"; };
		9C90ADB2C825F10CAA348013 /* Pods-ReaxiumForParents.release.xcconfig */ = {isa = PBXFileReference; includeInIndex = 1; lastKnownFileType = text.xcconfig; name = "Pods-ReaxiumForParents.release.xcconfig"; path = "Pods/Target Support Files/Pods-ReaxiumForParents/Pods-ReaxiumForParents.release.xcconfig"; sourceTree = "<group>"; };
		A9110C78EBC3E0599CD89364 /* Pods-ReaxiumForParentsTests.release.xcconfig */ = {isa = PBXFileReference; includeInIndex = 1; lastKnownFileType = text.xcconfig; name = "Pods-ReaxiumForParentsTests.release.xcconfig"; path = "Pods/Target Support Files/Pods-ReaxiumForParentsTests/Pods-ReaxiumForParentsTests.release.xcconfig"; sourceTree = "<group>"; };
		CE882EE8C3F88DB9541AC9D9 /* Pods_ReaxiumForParentsTests.framework */ = {isa = PBXFileReference; explicitFileType = wrapper.framework; includeInIndex = 0; path = Pods_ReaxiumForParentsTests.framework; sourceTree = BUILT_PRODUCTS_DIR; };
		D13A55034F116193C6D20372 /* Pods-ReaxiumForParents.debug.xcconfig */ = {isa = PBXFileReference; includeInIndex = 1; lastKnownFileType = text.xcconfig; name = "Pods-ReaxiumForParents.debug.xcconfig"; path = "Pods/Target Support Files/Pods-ReaxiumForParents/Pods-ReaxiumForParents.debug.xcconfig"; sourceTree = "<group>"; };
		F77CE1A054093AABCA10A655 /* Pods-ReaxiumForParentsUITests.debug.xcconfig */ = {isa = PBXFileReference; includeInIndex = 1; lastKnownFileType = text.xcconfig; name = "Pods-ReaxiumForParentsUITests.debug.xcconfig"; path = "Pods/Target Support Files/Pods-ReaxiumForParentsUITests/Pods-ReaxiumForParentsUITests.debug.xcconfig"; sourceTree = "<group>"; };
		FE14B6219D3D5AB028FFCE01 /* Pods_ReaxiumForParentsUITests.framework */ = {isa = PBXFileReference; explicitFileType = wrapper.framework; includeInIndex = 0; path = Pods_ReaxiumForParentsUITests.framework; sourceTree = BUILT_PRODUCTS_DIR; };
/* End PBXFileReference section */

/* Begin PBXFrameworksBuildPhase section */
		95D7ACB81CEE3948002BAFAC /* Frameworks */ = {
			isa = PBXFrameworksBuildPhase;
			buildActionMask = 2147483647;
			files = (
				0AB7F1DBE53FE6A6C56AC765 /* Pods_ReaxiumForParents.framework in Frameworks */,
			);
			runOnlyForDeploymentPostprocessing = 0;
		};
		95D7ACCC1CEE3949002BAFAC /* Frameworks */ = {
			isa = PBXFrameworksBuildPhase;
			buildActionMask = 2147483647;
			files = (
				BF14BC6D56BA5B70A2D6C2EB /* Pods_ReaxiumForParentsTests.framework in Frameworks */,
			);
			runOnlyForDeploymentPostprocessing = 0;
		};
		95D7ACD71CEE3949002BAFAC /* Frameworks */ = {
			isa = PBXFrameworksBuildPhase;
			buildActionMask = 2147483647;
			files = (
				6AB68B3A548E754879241DCA /* Pods_ReaxiumForParentsUITests.framework in Frameworks */,
			);
			runOnlyForDeploymentPostprocessing = 0;
		};
/* End PBXFrameworksBuildPhase section */

/* Begin PBXGroup section */
		06CE1A381CFF2ABF00B7882A /* Views */ = {
			isa = PBXGroup;
			children = (
				06CE1A391CFF2B0F00B7882A /* StudentTableViewCell.swift */,
				06CE1A3A1CFF2B0F00B7882A /* MenuTableViewCell.swift */,
				952252291D038AA4008A2E1B /* NotificationTableViewCell.swift */,
				06140F1B1D05D1040033FBA8 /* UINavigationBar+Height.swift */,
				06A5892F1D05E56B0019986E /* NavigationView.swift */,
			);
			path = Views;
			sourceTree = "<group>";
		};
		3CC243D3A8B2E15ABB5BA298 /* Frameworks */ = {
			isa = PBXGroup;
			children = (
				464014CADE6CBEA53A49C7F4 /* Pods_ReaxiumForParents.framework */,
				CE882EE8C3F88DB9541AC9D9 /* Pods_ReaxiumForParentsTests.framework */,
				FE14B6219D3D5AB028FFCE01 /* Pods_ReaxiumForParentsUITests.framework */,
			);
			name = Frameworks;
			sourceTree = "<group>";
		};
		952252201D034F46008A2E1B /* Services */ = {
			isa = PBXGroup;
			children = (
				952252211D034FD5008A2E1B /* Service.swift */,
				952252231D035026008A2E1B /* LoginWebService.swift */,
				9552CA661D03A01E008CC8D1 /* LocationUpdateWebService.swift */,
			);
			path = Services;
			sourceTree = "<group>";
		};
		95C771321D03388A003A53B0 /* Models */ = {
			isa = PBXGroup;
			children = (
				95C0738E1D0347DB00B4002C /* User.swift */,
				95C073901D0349ED00B4002C /* ReaxiumResponse.swift */,
				952252251D035D6E008A2E1B /* Children.swift */,
				9552CA641D039D8D008CC8D1 /* LocationNotification.swift */,
			);
			path = Models;
			sourceTree = "<group>";
		};
		95D7ACB21CEE3948002BAFAC = {
			isa = PBXGroup;
			children = (
				95D7ACBD1CEE3949002BAFAC /* ReaxiumForParents */,
				95D7ACD21CEE3949002BAFAC /* ReaxiumForParentsTests */,
				95D7ACDD1CEE3949002BAFAC /* ReaxiumForParentsUITests */,
				95D7ACBC1CEE3948002BAFAC /* Products */,
				C07497F86C01CF18718A8605 /* Pods */,
				3CC243D3A8B2E15ABB5BA298 /* Frameworks */,
			);
			sourceTree = "<group>";
		};
		95D7ACBC1CEE3948002BAFAC /* Products */ = {
			isa = PBXGroup;
			children = (
				95D7ACBB1CEE3948002BAFAC /* ReaxiumForParents.app */,
				95D7ACCF1CEE3949002BAFAC /* ReaxiumForParentsTests.xctest */,
				95D7ACDA1CEE3949002BAFAC /* ReaxiumForParentsUITests.xctest */,
			);
			name = Products;
			sourceTree = "<group>";
		};
		95D7ACBD1CEE3949002BAFAC /* ReaxiumForParents */ = {
			isa = PBXGroup;
			children = (
				95D7AD061CEE3E5E002BAFAC /* Application */,
				95C771321D03388A003A53B0 /* Models */,
				06CE1A381CFF2ABF00B7882A /* Views */,
				95D7AD0A1CEE3E6F002BAFAC /* Controllers */,
				952252201D034F46008A2E1B /* Services */,
				95D7AD081CEE3E6F002BAFAC /* Resources */,
				95D7AD071CEE3E6F002BAFAC /* Supporting Files */,
			);
			path = ReaxiumForParents;
			sourceTree = "<group>";
		};
		95D7ACD21CEE3949002BAFAC /* ReaxiumForParentsTests */ = {
			isa = PBXGroup;
			children = (
				95D7ACD31CEE3949002BAFAC /* ReaxiumForParentsTests.swift */,
				95D7ACD51CEE3949002BAFAC /* Info.plist */,
			);
			path = ReaxiumForParentsTests;
			sourceTree = "<group>";
		};
		95D7ACDD1CEE3949002BAFAC /* ReaxiumForParentsUITests */ = {
			isa = PBXGroup;
			children = (
				95D7ACDE1CEE3949002BAFAC /* ReaxiumForParentsUITests.swift */,
				95D7ACE01CEE3949002BAFAC /* Info.plist */,
			);
			path = ReaxiumForParentsUITests;
			sourceTree = "<group>";
		};
		95D7AD061CEE3E5E002BAFAC /* Application */ = {
			isa = PBXGroup;
			children = (
				95D7AD281CEE4565002BAFAC /* AppDelegate.swift */,
				9535C58E1D031F5600FF4390 /* Constants.swift */,
			);
			path = Application;
			sourceTree = "<group>";
		};
		95D7AD071CEE3E6F002BAFAC /* Supporting Files */ = {
			isa = PBXGroup;
			children = (
				952252271D037C2F008A2E1B /* ReaxiumHelper.swift */,
				95D7AD271CEE423E002BAFAC /* ReaxiumForParents-Bridging-Header.h */,
				95D7AD221CEE413C002BAFAC /* Info.plist */,
			);
			path = "Supporting Files";
			sourceTree = "<group>";
		};
		95D7AD081CEE3E6F002BAFAC /* Resources */ = {
			isa = PBXGroup;
			children = (
				95D7AD0D1CEE3F97002BAFAC /* UI */,
				95D7AD0E1CEE3F97002BAFAC /* Media */,
			);
			path = Resources;
			sourceTree = "<group>";
		};
		95D7AD0A1CEE3E6F002BAFAC /* Controllers */ = {
			isa = PBXGroup;
			children = (
				06CE1A401CFF2CE800B7882A /* MenuViewController.swift */,
				95D7AD251CEE4218002BAFAC /* ViewController.swift */,
				06CE19A51CFF137500B7882A /* LoginViewController.swift */,
				06CE1A421CFF633A00B7882A /* HomeViewController.swift */,
				06D19A6A1D00DC0300A07504 /* TrackStudentViewController.swift */,
				06D19A6C1D00DC3100A07504 /* AccessInformationViewController.swift */,
			);
			path = Controllers;
			sourceTree = "<group>";
		};
		95D7AD0D1CEE3F97002BAFAC /* UI */ = {
			isa = PBXGroup;
			children = (
				06CE1A441CFF6D1300B7882A /* Main.storyboard */,
				95D7AD1C1CEE40D9002BAFAC /* LaunchScreen.storyboard */,
				95D7AD1E1CEE40D9002BAFAC /* Login.storyboard */,
				06A5892D1D05E4320019986E /* NavigationView.xib */,
			);
			path = UI;
			sourceTree = "<group>";
		};
		95D7AD0E1CEE3F97002BAFAC /* Media */ = {
			isa = PBXGroup;
			children = (
				95D7AD0F1CEE4004002BAFAC /* Images */,
				95D7AD101CEE4004002BAFAC /* Videos */,
				95D7AD111CEE4004002BAFAC /* Audios */,
				95D7AD121CEE4004002BAFAC /* Fonts */,
			);
			path = Media;
			sourceTree = "<group>";
		};
		95D7AD0F1CEE4004002BAFAC /* Images */ = {
			isa = PBXGroup;
			children = (
				95D7AD131CEE4086002BAFAC /* Assets.xcassets */,
			);
			path = Images;
			sourceTree = "<group>";
		};
		95D7AD101CEE4004002BAFAC /* Videos */ = {
			isa = PBXGroup;
			children = (
			);
			path = Videos;
			sourceTree = "<group>";
		};
		95D7AD111CEE4004002BAFAC /* Audios */ = {
			isa = PBXGroup;
			children = (
			);
			path = Audios;
			sourceTree = "<group>";
		};
		95D7AD121CEE4004002BAFAC /* Fonts */ = {
			isa = PBXGroup;
			children = (
			);
			path = Fonts;
			sourceTree = "<group>";
		};
		C07497F86C01CF18718A8605 /* Pods */ = {
			isa = PBXGroup;
			children = (
				D13A55034F116193C6D20372 /* Pods-ReaxiumForParents.debug.xcconfig */,
				9C90ADB2C825F10CAA348013 /* Pods-ReaxiumForParents.release.xcconfig */,
				17E58C45E37E4510F3C7F696 /* Pods-ReaxiumForParentsTests.debug.xcconfig */,
				A9110C78EBC3E0599CD89364 /* Pods-ReaxiumForParentsTests.release.xcconfig */,
				F77CE1A054093AABCA10A655 /* Pods-ReaxiumForParentsUITests.debug.xcconfig */,
				4D6F9E764BC612C07CBF8B8E /* Pods-ReaxiumForParentsUITests.release.xcconfig */,
			);
			name = Pods;
			sourceTree = "<group>";
		};
/* End PBXGroup section */

/* Begin PBXNativeTarget section */
		95D7ACBA1CEE3948002BAFAC /* ReaxiumForParents */ = {
			isa = PBXNativeTarget;
			buildConfigurationList = 95D7ACE31CEE3949002BAFAC /* Build configuration list for PBXNativeTarget "ReaxiumForParents" */;
			buildPhases = (
				177713C7626A487F1427C4A1 /* 📦 Check Pods Manifest.lock */,
				95D7ACB71CEE3948002BAFAC /* Sources */,
				95D7ACB81CEE3948002BAFAC /* Frameworks */,
				95D7ACB91CEE3948002BAFAC /* Resources */,
				DD87F0CC2F6D0DC8FD7B960F /* 📦 Embed Pods Frameworks */,
				182C4927F4FC0AA1F25DF71D /* 📦 Copy Pods Resources */,
				950546181CFE7D59000691D5 /* ShellScript */,
			);
			buildRules = (
			);
			dependencies = (
			);
			name = ReaxiumForParents;
			productName = ReaxiumForParents;
			productReference = 95D7ACBB1CEE3948002BAFAC /* ReaxiumForParents.app */;
			productType = "com.apple.product-type.application";
		};
		95D7ACCE1CEE3949002BAFAC /* ReaxiumForParentsTests */ = {
			isa = PBXNativeTarget;
			buildConfigurationList = 95D7ACE61CEE3949002BAFAC /* Build configuration list for PBXNativeTarget "ReaxiumForParentsTests" */;
			buildPhases = (
				081D16B33E93A3D83E9DE6D2 /* 📦 Check Pods Manifest.lock */,
				95D7ACCB1CEE3949002BAFAC /* Sources */,
				95D7ACCC1CEE3949002BAFAC /* Frameworks */,
				95D7ACCD1CEE3949002BAFAC /* Resources */,
				9C32D2E6C2B7E1CA2D8B930B /* 📦 Embed Pods Frameworks */,
				94A3AC7636A397DC718E2E8C /* 📦 Copy Pods Resources */,
			);
			buildRules = (
			);
			dependencies = (
				95D7ACD11CEE3949002BAFAC /* PBXTargetDependency */,
			);
			name = ReaxiumForParentsTests;
			productName = ReaxiumForParentsTests;
			productReference = 95D7ACCF1CEE3949002BAFAC /* ReaxiumForParentsTests.xctest */;
			productType = "com.apple.product-type.bundle.unit-test";
		};
		95D7ACD91CEE3949002BAFAC /* ReaxiumForParentsUITests */ = {
			isa = PBXNativeTarget;
			buildConfigurationList = 95D7ACE91CEE3949002BAFAC /* Build configuration list for PBXNativeTarget "ReaxiumForParentsUITests" */;
			buildPhases = (
				FE8155C96D9253A2E177ADF3 /* 📦 Check Pods Manifest.lock */,
				95D7ACD61CEE3949002BAFAC /* Sources */,
				95D7ACD71CEE3949002BAFAC /* Frameworks */,
				95D7ACD81CEE3949002BAFAC /* Resources */,
				34DB9B71809A862F51D7BBD9 /* 📦 Copy Pods Resources */,
			);
			buildRules = (
			);
			dependencies = (
				95D7ACDC1CEE3949002BAFAC /* PBXTargetDependency */,
			);
			name = ReaxiumForParentsUITests;
			productName = ReaxiumForParentsUITests;
			productReference = 95D7ACDA1CEE3949002BAFAC /* ReaxiumForParentsUITests.xctest */;
			productType = "com.apple.product-type.bundle.ui-testing";
		};
/* End PBXNativeTarget section */

/* Begin PBXProject section */
		95D7ACB31CEE3948002BAFAC /* Project object */ = {
			isa = PBXProject;
			attributes = {
				LastSwiftUpdateCheck = 0730;
				LastUpgradeCheck = 0730;
				ORGANIZATIONNAME = "Jorge Rodriguez";
				TargetAttributes = {
					95D7ACBA1CEE3948002BAFAC = {
						CreatedOnToolsVersion = 7.3.1;
					};
					95D7ACCE1CEE3949002BAFAC = {
						CreatedOnToolsVersion = 7.3.1;
						TestTargetID = 95D7ACBA1CEE3948002BAFAC;
					};
					95D7ACD91CEE3949002BAFAC = {
						CreatedOnToolsVersion = 7.3.1;
						TestTargetID = 95D7ACBA1CEE3948002BAFAC;
					};
				};
			};
			buildConfigurationList = 95D7ACB61CEE3948002BAFAC /* Build configuration list for PBXProject "ReaxiumForParents" */;
			compatibilityVersion = "Xcode 3.2";
			developmentRegion = English;
			hasScannedForEncodings = 0;
			knownRegions = (
				en,
				Base,
			);
			mainGroup = 95D7ACB21CEE3948002BAFAC;
			productRefGroup = 95D7ACBC1CEE3948002BAFAC /* Products */;
			projectDirPath = "";
			projectRoot = "";
			targets = (
				95D7ACBA1CEE3948002BAFAC /* ReaxiumForParents */,
				95D7ACCE1CEE3949002BAFAC /* ReaxiumForParentsTests */,
				95D7ACD91CEE3949002BAFAC /* ReaxiumForParentsUITests */,
			);
		};
/* End PBXProject section */

/* Begin PBXResourcesBuildPhase section */
		95D7ACB91CEE3948002BAFAC /* Resources */ = {
			isa = PBXResourcesBuildPhase;
			buildActionMask = 2147483647;
			files = (
				95D7AD231CEE413C002BAFAC /* Info.plist in Resources */,
				06CE1A461CFF6D1300B7882A /* Main.storyboard in Resources */,
				06A5892E1D05E4320019986E /* NavigationView.xib in Resources */,
				95D7AD211CEE40D9002BAFAC /* Login.storyboard in Resources */,
				95D7AD141CEE4086002BAFAC /* Assets.xcassets in Resources */,
				95D7AD201CEE40D9002BAFAC /* LaunchScreen.storyboard in Resources */,
			);
			runOnlyForDeploymentPostprocessing = 0;
		};
		95D7ACCD1CEE3949002BAFAC /* Resources */ = {
			isa = PBXResourcesBuildPhase;
			buildActionMask = 2147483647;
			files = (
			);
			runOnlyForDeploymentPostprocessing = 0;
		};
		95D7ACD81CEE3949002BAFAC /* Resources */ = {
			isa = PBXResourcesBuildPhase;
			buildActionMask = 2147483647;
			files = (
			);
			runOnlyForDeploymentPostprocessing = 0;
		};
/* End PBXResourcesBuildPhase section */

/* Begin PBXShellScriptBuildPhase section */
		081D16B33E93A3D83E9DE6D2 /* 📦 Check Pods Manifest.lock */ = {
			isa = PBXShellScriptBuildPhase;
			buildActionMask = 2147483647;
			files = (
			);
			inputPaths = (
			);
			name = "📦 Check Pods Manifest.lock";
			outputPaths = (
			);
			runOnlyForDeploymentPostprocessing = 0;
			shellPath = /bin/sh;
			shellScript = "diff \"${PODS_ROOT}/../Podfile.lock\" \"${PODS_ROOT}/Manifest.lock\" > /dev/null\nif [[ $? != 0 ]] ; then\n    cat << EOM\nerror: The sandbox is not in sync with the Podfile.lock. Run 'pod install' or update your CocoaPods installation.\nEOM\n    exit 1\nfi\n";
			showEnvVarsInLog = 0;
		};
		177713C7626A487F1427C4A1 /* 📦 Check Pods Manifest.lock */ = {
			isa = PBXShellScriptBuildPhase;
			buildActionMask = 2147483647;
			files = (
			);
			inputPaths = (
			);
			name = "📦 Check Pods Manifest.lock";
			outputPaths = (
			);
			runOnlyForDeploymentPostprocessing = 0;
			shellPath = /bin/sh;
			shellScript = "diff \"${PODS_ROOT}/../Podfile.lock\" \"${PODS_ROOT}/Manifest.lock\" > /dev/null\nif [[ $? != 0 ]] ; then\n    cat << EOM\nerror: The sandbox is not in sync with the Podfile.lock. Run 'pod install' or update your CocoaPods installation.\nEOM\n    exit 1\nfi\n";
			showEnvVarsInLog = 0;
		};
		182C4927F4FC0AA1F25DF71D /* 📦 Copy Pods Resources */ = {
			isa = PBXShellScriptBuildPhase;
			buildActionMask = 2147483647;
			files = (
			);
			inputPaths = (
			);
			name = "📦 Copy Pods Resources";
			outputPaths = (
			);
			runOnlyForDeploymentPostprocessing = 0;
			shellPath = /bin/sh;
			shellScript = "\"${SRCROOT}/Pods/Target Support Files/Pods-ReaxiumForParents/Pods-ReaxiumForParents-resources.sh\"\n";
			showEnvVarsInLog = 0;
		};
		34DB9B71809A862F51D7BBD9 /* 📦 Copy Pods Resources */ = {
			isa = PBXShellScriptBuildPhase;
			buildActionMask = 2147483647;
			files = (
			);
			inputPaths = (
			);
			name = "📦 Copy Pods Resources";
			outputPaths = (
			);
			runOnlyForDeploymentPostprocessing = 0;
			shellPath = /bin/sh;
			shellScript = "\"${SRCROOT}/Pods/Target Support Files/Pods-ReaxiumForParentsUITests/Pods-ReaxiumForParentsUITests-resources.sh\"\n";
			showEnvVarsInLog = 0;
		};
		94A3AC7636A397DC718E2E8C /* 📦 Copy Pods Resources */ = {
			isa = PBXShellScriptBuildPhase;
			buildActionMask = 2147483647;
			files = (
			);
			inputPaths = (
			);
			name = "📦 Copy Pods Resources";
			outputPaths = (
			);
			runOnlyForDeploymentPostprocessing = 0;
			shellPath = /bin/sh;
			shellScript = "\"${SRCROOT}/Pods/Target Support Files/Pods-ReaxiumForParentsTests/Pods-ReaxiumForParentsTests-resources.sh\"\n";
			showEnvVarsInLog = 0;
		};
		950546181CFE7D59000691D5 /* ShellScript */ = {
			isa = PBXShellScriptBuildPhase;
			buildActionMask = 2147483647;
			files = (
			);
			inputPaths = (
			);
			outputPaths = (
			);
			runOnlyForDeploymentPostprocessing = 0;
			shellPath = /bin/sh;
			shellScript = "\"${PODS_ROOT}/Fabric/run\" 19743b86c2d6bfbb2c287794c665f460d57c0ee4 c06d4da3eeadccff53d5646ac4a1590dc96492532518e7b25bfecc6ae2c5053e";
		};
		9C32D2E6C2B7E1CA2D8B930B /* 📦 Embed Pods Frameworks */ = {
			isa = PBXShellScriptBuildPhase;
			buildActionMask = 2147483647;
			files = (
			);
			inputPaths = (
			);
			name = "📦 Embed Pods Frameworks";
			outputPaths = (
			);
			runOnlyForDeploymentPostprocessing = 0;
			shellPath = /bin/sh;
			shellScript = "\"${SRCROOT}/Pods/Target Support Files/Pods-ReaxiumForParentsTests/Pods-ReaxiumForParentsTests-frameworks.sh\"\n";
			showEnvVarsInLog = 0;
		};
		DD87F0CC2F6D0DC8FD7B960F /* 📦 Embed Pods Frameworks */ = {
			isa = PBXShellScriptBuildPhase;
			buildActionMask = 2147483647;
			files = (
			);
			inputPaths = (
			);
			name = "📦 Embed Pods Frameworks";
			outputPaths = (
			);
			runOnlyForDeploymentPostprocessing = 0;
			shellPath = /bin/sh;
			shellScript = "\"${SRCROOT}/Pods/Target Support Files/Pods-ReaxiumForParents/Pods-ReaxiumForParents-frameworks.sh\"\n";
			showEnvVarsInLog = 0;
		};
		FE8155C96D9253A2E177ADF3 /* 📦 Check Pods Manifest.lock */ = {
			isa = PBXShellScriptBuildPhase;
			buildActionMask = 2147483647;
			files = (
			);
			inputPaths = (
			);
			name = "📦 Check Pods Manifest.lock";
			outputPaths = (
			);
			runOnlyForDeploymentPostprocessing = 0;
			shellPath = /bin/sh;
			shellScript = "diff \"${PODS_ROOT}/../Podfile.lock\" \"${PODS_ROOT}/Manifest.lock\" > /dev/null\nif [[ $? != 0 ]] ; then\n    cat << EOM\nerror: The sandbox is not in sync with the Podfile.lock. Run 'pod install' or update your CocoaPods installation.\nEOM\n    exit 1\nfi\n";
			showEnvVarsInLog = 0;
		};
/* End PBXShellScriptBuildPhase section */

/* Begin PBXSourcesBuildPhase section */
		95D7ACB71CEE3948002BAFAC /* Sources */ = {
			isa = PBXSourcesBuildPhase;
			buildActionMask = 2147483647;
			files = (
				06CE19A61CFF137500B7882A /* LoginViewController.swift in Sources */,
				952252221D034FD5008A2E1B /* Service.swift in Sources */,
				06CE1A411CFF2CE800B7882A /* MenuViewController.swift in Sources */,
				95D7AD291CEE4565002BAFAC /* AppDelegate.swift in Sources */,
				95D7AD261CEE4218002BAFAC /* ViewController.swift in Sources */,
				06D19A6D1D00DC3100A07504 /* AccessInformationViewController.swift in Sources */,
				952252241D035026008A2E1B /* LoginWebService.swift in Sources */,
				06A589301D05E56B0019986E /* NavigationView.swift in Sources */,
				9552CA671D03A01E008CC8D1 /* LocationUpdateWebService.swift in Sources */,
				9552CA651D039D8D008CC8D1 /* LocationNotification.swift in Sources */,
				9522522A1D038AA4008A2E1B /* NotificationTableViewCell.swift in Sources */,
				06140F1C1D05D1040033FBA8 /* UINavigationBar+Height.swift in Sources */,
				9535C58F1D031F5600FF4390 /* Constants.swift in Sources */,
				06D19A6B1D00DC0300A07504 /* TrackStudentViewController.swift in Sources */,
				952252281D037C2F008A2E1B /* ReaxiumHelper.swift in Sources */,
				06CE1A3B1CFF2B0F00B7882A /* StudentTableViewCell.swift in Sources */,
				06CE1A431CFF633A00B7882A /* HomeViewController.swift in Sources */,
				06CE1A3C1CFF2B0F00B7882A /* MenuTableViewCell.swift in Sources */,
				952252261D035D6E008A2E1B /* Children.swift in Sources */,
				95C073911D0349ED00B4002C /* ReaxiumResponse.swift in Sources */,
				95C0738F1D0347DB00B4002C /* User.swift in Sources */,
			);
			runOnlyForDeploymentPostprocessing = 0;
		};
		95D7ACCB1CEE3949002BAFAC /* Sources */ = {
			isa = PBXSourcesBuildPhase;
			buildActionMask = 2147483647;
			files = (
				95D7ACD41CEE3949002BAFAC /* ReaxiumForParentsTests.swift in Sources */,
			);
			runOnlyForDeploymentPostprocessing = 0;
		};
		95D7ACD61CEE3949002BAFAC /* Sources */ = {
			isa = PBXSourcesBuildPhase;
			buildActionMask = 2147483647;
			files = (
				95D7ACDF1CEE3949002BAFAC /* ReaxiumForParentsUITests.swift in Sources */,
			);
			runOnlyForDeploymentPostprocessing = 0;
		};
/* End PBXSourcesBuildPhase section */

/* Begin PBXTargetDependency section */
		95D7ACD11CEE3949002BAFAC /* PBXTargetDependency */ = {
			isa = PBXTargetDependency;
			target = 95D7ACBA1CEE3948002BAFAC /* ReaxiumForParents */;
			targetProxy = 95D7ACD01CEE3949002BAFAC /* PBXContainerItemProxy */;
		};
		95D7ACDC1CEE3949002BAFAC /* PBXTargetDependency */ = {
			isa = PBXTargetDependency;
			target = 95D7ACBA1CEE3948002BAFAC /* ReaxiumForParents */;
			targetProxy = 95D7ACDB1CEE3949002BAFAC /* PBXContainerItemProxy */;
		};
/* End PBXTargetDependency section */

/* Begin PBXVariantGroup section */
		06CE1A441CFF6D1300B7882A /* Main.storyboard */ = {
			isa = PBXVariantGroup;
			children = (
				06CE1A451CFF6D1300B7882A /* Base */,
			);
			name = Main.storyboard;
			sourceTree = "<group>";
		};
		95D7AD1C1CEE40D9002BAFAC /* LaunchScreen.storyboard */ = {
			isa = PBXVariantGroup;
			children = (
				95D7AD1D1CEE40D9002BAFAC /* Base */,
			);
			name = LaunchScreen.storyboard;
			sourceTree = "<group>";
		};
		95D7AD1E1CEE40D9002BAFAC /* Login.storyboard */ = {
			isa = PBXVariantGroup;
			children = (
				95D7AD1F1CEE40D9002BAFAC /* Base */,
			);
			name = Login.storyboard;
			sourceTree = "<group>";
		};
/* End PBXVariantGroup section */

/* Begin XCBuildConfiguration section */
		95D7ACE11CEE3949002BAFAC /* Debug */ = {
			isa = XCBuildConfiguration;
			buildSettings = {
				ALWAYS_SEARCH_USER_PATHS = NO;
				CLANG_ANALYZER_NONNULL = YES;
				CLANG_CXX_LANGUAGE_STANDARD = "gnu++0x";
				CLANG_CXX_LIBRARY = "libc++";
				CLANG_ENABLE_MODULES = YES;
				CLANG_ENABLE_OBJC_ARC = YES;
				CLANG_WARN_BOOL_CONVERSION = YES;
				CLANG_WARN_CONSTANT_CONVERSION = YES;
				CLANG_WARN_DIRECT_OBJC_ISA_USAGE = YES_ERROR;
				CLANG_WARN_EMPTY_BODY = YES;
				CLANG_WARN_ENUM_CONVERSION = YES;
				CLANG_WARN_INT_CONVERSION = YES;
				CLANG_WARN_OBJC_ROOT_CLASS = YES_ERROR;
				CLANG_WARN_UNREACHABLE_CODE = YES;
				CLANG_WARN__DUPLICATE_METHOD_MATCH = YES;
				"CODE_SIGN_IDENTITY[sdk=iphoneos*]" = "iPhone Developer";
				COPY_PHASE_STRIP = NO;
				DEBUG_INFORMATION_FORMAT = dwarf;
				ENABLE_STRICT_OBJC_MSGSEND = YES;
				ENABLE_TESTABILITY = YES;
				GCC_C_LANGUAGE_STANDARD = gnu99;
				GCC_DYNAMIC_NO_PIC = NO;
				GCC_NO_COMMON_BLOCKS = YES;
				GCC_OPTIMIZATION_LEVEL = 0;
				GCC_PREPROCESSOR_DEFINITIONS = (
					"DEBUG=1",
					"$(inherited)",
				);
				GCC_WARN_64_TO_32_BIT_CONVERSION = YES;
				GCC_WARN_ABOUT_RETURN_TYPE = YES_ERROR;
				GCC_WARN_UNDECLARED_SELECTOR = YES;
				GCC_WARN_UNINITIALIZED_AUTOS = YES_AGGRESSIVE;
				GCC_WARN_UNUSED_FUNCTION = YES;
				GCC_WARN_UNUSED_VARIABLE = YES;
				IPHONEOS_DEPLOYMENT_TARGET = 9.3;
				MTL_ENABLE_DEBUG_INFO = YES;
				ONLY_ACTIVE_ARCH = YES;
				SDKROOT = iphoneos;
				SWIFT_OPTIMIZATION_LEVEL = "-Onone";
				TARGETED_DEVICE_FAMILY = "1,2";
			};
			name = Debug;
		};
		95D7ACE21CEE3949002BAFAC /* Release */ = {
			isa = XCBuildConfiguration;
			buildSettings = {
				ALWAYS_SEARCH_USER_PATHS = NO;
				CLANG_ANALYZER_NONNULL = YES;
				CLANG_CXX_LANGUAGE_STANDARD = "gnu++0x";
				CLANG_CXX_LIBRARY = "libc++";
				CLANG_ENABLE_MODULES = YES;
				CLANG_ENABLE_OBJC_ARC = YES;
				CLANG_WARN_BOOL_CONVERSION = YES;
				CLANG_WARN_CONSTANT_CONVERSION = YES;
				CLANG_WARN_DIRECT_OBJC_ISA_USAGE = YES_ERROR;
				CLANG_WARN_EMPTY_BODY = YES;
				CLANG_WARN_ENUM_CONVERSION = YES;
				CLANG_WARN_INT_CONVERSION = YES;
				CLANG_WARN_OBJC_ROOT_CLASS = YES_ERROR;
				CLANG_WARN_UNREACHABLE_CODE = YES;
				CLANG_WARN__DUPLICATE_METHOD_MATCH = YES;
				"CODE_SIGN_IDENTITY[sdk=iphoneos*]" = "iPhone Developer";
				COPY_PHASE_STRIP = NO;
				DEBUG_INFORMATION_FORMAT = "dwarf-with-dsym";
				ENABLE_NS_ASSERTIONS = NO;
				ENABLE_STRICT_OBJC_MSGSEND = YES;
				GCC_C_LANGUAGE_STANDARD = gnu99;
				GCC_NO_COMMON_BLOCKS = YES;
				GCC_WARN_64_TO_32_BIT_CONVERSION = YES;
				GCC_WARN_ABOUT_RETURN_TYPE = YES_ERROR;
				GCC_WARN_UNDECLARED_SELECTOR = YES;
				GCC_WARN_UNINITIALIZED_AUTOS = YES_AGGRESSIVE;
				GCC_WARN_UNUSED_FUNCTION = YES;
				GCC_WARN_UNUSED_VARIABLE = YES;
				IPHONEOS_DEPLOYMENT_TARGET = 9.3;
				MTL_ENABLE_DEBUG_INFO = NO;
				SDKROOT = iphoneos;
				TARGETED_DEVICE_FAMILY = "1,2";
				VALIDATE_PRODUCT = YES;
			};
			name = Release;
		};
		95D7ACE41CEE3949002BAFAC /* Debug */ = {
			isa = XCBuildConfiguration;
			baseConfigurationReference = D13A55034F116193C6D20372 /* Pods-ReaxiumForParents.debug.xcconfig */;
			buildSettings = {
				ASSETCATALOG_COMPILER_APPICON_NAME = AppIcon;
				CLANG_ENABLE_MODULES = YES;
				INFOPLIST_FILE = "$(SRCROOT)/ReaxiumForParents/Supporting Files/Info.plist";
				LD_RUNPATH_SEARCH_PATHS = "$(inherited) @executable_path/Frameworks";
				PRODUCT_BUNDLE_IDENTIFIER = com.reaxium.ReaxiumForParents;
				PRODUCT_NAME = "$(TARGET_NAME)";
				SWIFT_OBJC_BRIDGING_HEADER = "ReaxiumForParents/Supporting Files/ReaxiumForParents-Bridging-Header.h";
				SWIFT_OPTIMIZATION_LEVEL = "-Onone";
			};
			name = Debug;
		};
		95D7ACE51CEE3949002BAFAC /* Release */ = {
			isa = XCBuildConfiguration;
			baseConfigurationReference = 9C90ADB2C825F10CAA348013 /* Pods-ReaxiumForParents.release.xcconfig */;
			buildSettings = {
				ASSETCATALOG_COMPILER_APPICON_NAME = AppIcon;
				CLANG_ENABLE_MODULES = YES;
				INFOPLIST_FILE = "$(SRCROOT)/ReaxiumForParents/Supporting Files/Info.plist";
				LD_RUNPATH_SEARCH_PATHS = "$(inherited) @executable_path/Frameworks";
				PRODUCT_BUNDLE_IDENTIFIER = com.reaxium.ReaxiumForParents;
				PRODUCT_NAME = "$(TARGET_NAME)";
				SWIFT_OBJC_BRIDGING_HEADER = "ReaxiumForParents/Supporting Files/ReaxiumForParents-Bridging-Header.h";
			};
			name = Release;
		};
		95D7ACE71CEE3949002BAFAC /* Debug */ = {
			isa = XCBuildConfiguration;
			baseConfigurationReference = 17E58C45E37E4510F3C7F696 /* Pods-ReaxiumForParentsTests.debug.xcconfig */;
			buildSettings = {
				BUNDLE_LOADER = "$(TEST_HOST)";
				INFOPLIST_FILE = ReaxiumForParentsTests/Info.plist;
				LD_RUNPATH_SEARCH_PATHS = "$(inherited) @executable_path/Frameworks @loader_path/Frameworks";
				PRODUCT_BUNDLE_IDENTIFIER = com.reaxium.ReaxiumForParentsTests;
				PRODUCT_NAME = "$(TARGET_NAME)";
				TEST_HOST = "$(BUILT_PRODUCTS_DIR)/ReaxiumForParents.app/ReaxiumForParents";
			};
			name = Debug;
		};
		95D7ACE81CEE3949002BAFAC /* Release */ = {
			isa = XCBuildConfiguration;
			baseConfigurationReference = A9110C78EBC3E0599CD89364 /* Pods-ReaxiumForParentsTests.release.xcconfig */;
			buildSettings = {
				BUNDLE_LOADER = "$(TEST_HOST)";
				INFOPLIST_FILE = ReaxiumForParentsTests/Info.plist;
				LD_RUNPATH_SEARCH_PATHS = "$(inherited) @executable_path/Frameworks @loader_path/Frameworks";
				PRODUCT_BUNDLE_IDENTIFIER = com.reaxium.ReaxiumForParentsTests;
				PRODUCT_NAME = "$(TARGET_NAME)";
				TEST_HOST = "$(BUILT_PRODUCTS_DIR)/ReaxiumForParents.app/ReaxiumForParents";
			};
			name = Release;
		};
		95D7ACEA1CEE3949002BAFAC /* Debug */ = {
			isa = XCBuildConfiguration;
			baseConfigurationReference = F77CE1A054093AABCA10A655 /* Pods-ReaxiumForParentsUITests.debug.xcconfig */;
			buildSettings = {
				INFOPLIST_FILE = ReaxiumForParentsUITests/Info.plist;
				LD_RUNPATH_SEARCH_PATHS = "$(inherited) @executable_path/Frameworks @loader_path/Frameworks";
				PRODUCT_BUNDLE_IDENTIFIER = com.reaxium.ReaxiumForParentsUITests;
				PRODUCT_NAME = "$(TARGET_NAME)";
				TEST_TARGET_NAME = ReaxiumForParents;
			};
			name = Debug;
		};
		95D7ACEB1CEE3949002BAFAC /* Release */ = {
			isa = XCBuildConfiguration;
			baseConfigurationReference = 4D6F9E764BC612C07CBF8B8E /* Pods-ReaxiumForParentsUITests.release.xcconfig */;
			buildSettings = {
				INFOPLIST_FILE = ReaxiumForParentsUITests/Info.plist;
				LD_RUNPATH_SEARCH_PATHS = "$(inherited) @executable_path/Frameworks @loader_path/Frameworks";
				PRODUCT_BUNDLE_IDENTIFIER = com.reaxium.ReaxiumForParentsUITests;
				PRODUCT_NAME = "$(TARGET_NAME)";
				TEST_TARGET_NAME = ReaxiumForParents;
			};
			name = Release;
		};
/* End XCBuildConfiguration section */

/* Begin XCConfigurationList section */
		95D7ACB61CEE3948002BAFAC /* Build configuration list for PBXProject "ReaxiumForParents" */ = {
			isa = XCConfigurationList;
			buildConfigurations = (
				95D7ACE11CEE3949002BAFAC /* Debug */,
				95D7ACE21CEE3949002BAFAC /* Release */,
			);
			defaultConfigurationIsVisible = 0;
			defaultConfigurationName = Release;
		};
		95D7ACE31CEE3949002BAFAC /* Build configuration list for PBXNativeTarget "ReaxiumForParents" */ = {
			isa = XCConfigurationList;
			buildConfigurations = (
				95D7ACE41CEE3949002BAFAC /* Debug */,
				95D7ACE51CEE3949002BAFAC /* Release */,
			);
			defaultConfigurationIsVisible = 0;
			defaultConfigurationName = Release;
		};
		95D7ACE61CEE3949002BAFAC /* Build configuration list for PBXNativeTarget "ReaxiumForParentsTests" */ = {
			isa = XCConfigurationList;
			buildConfigurations = (
				95D7ACE71CEE3949002BAFAC /* Debug */,
				95D7ACE81CEE3949002BAFAC /* Release */,
			);
			defaultConfigurationIsVisible = 0;
			defaultConfigurationName = Release;
		};
		95D7ACE91CEE3949002BAFAC /* Build configuration list for PBXNativeTarget "ReaxiumForParentsUITests" */ = {
			isa = XCConfigurationList;
			buildConfigurations = (
				95D7ACEA1CEE3949002BAFAC /* Debug */,
				95D7ACEB1CEE3949002BAFAC /* Release */,
			);
			defaultConfigurationIsVisible = 0;
			defaultConfigurationName = Release;
		};
/* End XCConfigurationList section */
	};
	rootObject = 95D7ACB31CEE3948002BAFAC /* Project object */;
}
